
Microsoft Visual Studio Solution File, Format Version 12.00
# Visual Studio 14
VisualStudioVersion = 14.0.25420.1
MinimumVisualStudioVersion = 10.0.40219.1
Project("{FAE04EC0-301F-11D3-BF4B-00C04F79EFBC}") = "VSTSTestApplication", "VSTSTestApplication\VSTSTestApplication.csproj", "{44598C31-83F6-451A-B73C-DB3AE4827381}"
EndProject
Project("{FAE04EC0-301F-11D3-BF4B-00C04F79EFBC}") = "VSTSUtils", "VSTSUtils\VSTSUtils.csproj", "{1C8E8681-BFAA-4474-8FD9-566E30D47512}"
EndProject
Global
	GlobalSection(SolutionConfigurationPlatforms) = preSolution
		Debug|Any CPU = Debug|Any CPU
		Release|Any CPU = Release|Any CPU
	EndGlobalSection
	GlobalSection(ProjectConfigurationPlatforms) = postSolution
		{44598C31-83F6-451A-B73C-DB3AE4827381}.Debug|Any CPU.ActiveCfg = Debug|Any CPU
		{44598C31-83F6-451A-B73C-DB3AE4827381}.Debug|Any CPU.Build.0 = Debug|Any CPU
		{44598C31-83F6-451A-B73C-DB3AE4827381}.Release|Any CPU.ActiveCfg = Release|Any CPU
		{44598C31-83F6-451A-B73C-DB3AE4827381}.Release|Any CPU.Build.0 = Release|Any CPU
		{1C8E8681-BFAA-4474-8FD9-566E30D47512}.Debug|Any CPU.ActiveCfg = Debug|Any CPU
		{1C8E8681-BFAA-4474-8FD9-566E30D47512}.Debug|Any CPU.Build.0 = Debug|Any CPU
		{1C8E8681-BFAA-4474-8FD9-566E30D47512}.Release|Any CPU.ActiveCfg = Release|Any CPU
		{1C8E8681-BFAA-4474-8FD9-566E30D47512}.Release|Any CPU.Build.0 = Release|Any CPU
	EndGlobalSection
	GlobalSection(SolutionProperties) = preSolution
		HideSolutionNode = FALSE
	EndGlobalSection
EndGlobal
